
Microsoft Visual Studio Solution File, Format Version 11.00
# Visual Studio 2010
Project("{FAE04EC0-301F-11D3-BF4B-00C04F79EFBC}") = "KinectAudioTracker1", "KinectAudioTracker1\KinectAudioTracker1.csproj", "{361ABF8E-FBA6-4AFF-B209-30DFACA15506}"
EndProject
Project("{2150E333-8FDC-42A3-9474-1A3956D46DE8}") = "Solution Items", "Solution Items", "{531D7AE9-B200-4698-8923-4C2D06A0A029}"
	ProjectSection(SolutionItems) = preProject
		Performance1.psess = Performance1.psess
		Performance2.psess = Performance2.psess
	EndProjectSection
EndProject
Global
	GlobalSection(SolutionConfigurationPlatforms) = preSolution
		Debug|Any CPU = Debug|Any CPU
		Debug|Mixed Platforms = Debug|Mixed Platforms
		Debug|x86 = Debug|x86
		Release|Any CPU = Release|Any CPU
		Release|Mixed Platforms = Release|Mixed Platforms
		Release|x86 = Release|x86
	EndGlobalSection
	GlobalSection(ProjectConfigurationPlatforms) = postSolution
		{361ABF8E-FBA6-4AFF-B209-30DFACA15506}.Debug|Any CPU.ActiveCfg = Debug|x86
		{361ABF8E-FBA6-4AFF-B209-30DFACA15506}.Debug|Mixed Platforms.ActiveCfg = Debug|x86
		{361ABF8E-FBA6-4AFF-B209-30DFACA15506}.Debug|Mixed Platforms.Build.0 = Debug|x86
		{361ABF8E-FBA6-4AFF-B209-30DFACA15506}.Debug|x86.ActiveCfg = Debug|x86
		{361ABF8E-FBA6-4AFF-B209-30DFACA15506}.Debug|x86.Build.0 = Debug|x86
		{361ABF8E-FBA6-4AFF-B209-30DFACA15506}.Release|Any CPU.ActiveCfg = Release|x86
		{361ABF8E-FBA6-4AFF-B209-30DFACA15506}.Release|Mixed Platforms.ActiveCfg = Release|x86
		{361ABF8E-FBA6-4AFF-B209-30DFACA15506}.Release|Mixed Platforms.Build.0 = Release|x86
		{361ABF8E-FBA6-4AFF-B209-30DFACA15506}.Release|x86.ActiveCfg = Release|x86
		{361ABF8E-FBA6-4AFF-B209-30DFACA15506}.Release|x86.Build.0 = Release|x86
	EndGlobalSection
	GlobalSection(SolutionProperties) = preSolution
		HideSolutionNode = FALSE
	EndGlobalSection
EndGlobal
